
Microsoft Visual Studio Solution File, Format Version 12.00
# Visual Studio Version 17
VisualStudioVersion = 17.7.33920.267
MinimumVisualStudioVersion = 10.0.40219.1
Project("{FAE04EC0-301F-11D3-BF4B-00C04F79EFBC}") = "BulkyWeb", "BulkyWeb\BulkyWeb.csproj", "{ED147708-2EA0-4F79-8A7C-D2F4125C24C0}"
EndProject
Global
	GlobalSection(SolutionConfigurationPlatforms) = preSolution
		Debug|Any CPU = Debug|Any CPU
		Release|Any CPU = Release|Any CPU
	EndGlobalSection
	GlobalSection(ProjectConfigurationPlatforms) = postSolution
		{ED147708-2EA0-4F79-8A7C-D2F4125C24C0}.Debug|Any CPU.ActiveCfg = Debug|Any CPU
		{ED147708-2EA0-4F79-8A7C-D2F4125C24C0}.Debug|Any CPU.Build.0 = Debug|Any CPU
		{ED147708-2EA0-4F79-8A7C-D2F4125C24C0}.Release|Any CPU.ActiveCfg = Release|Any CPU
		{ED147708-2EA0-4F79-8A7C-D2F4125C24C0}.Release|Any CPU.Build.0 = Release|Any CPU
	EndGlobalSection
	GlobalSection(SolutionProperties) = preSolution
		HideSolutionNode = FALSE
	EndGlobalSection
	GlobalSection(ExtensibilityGlobals) = postSolution
		SolutionGuid = {87B929BA-E3D8-4A35-98CB-59CE11804267}
	EndGlobalSection
EndGlobal
